
Microsoft Visual Studio Solution File, Format Version 12.00
# Visual Studio Version 17
VisualStudioVersion = 17.10.35013.160
MinimumVisualStudioVersion = 10.0.40219.1
Project("{FAE04EC0-301F-11D3-BF4B-00C04F79EFBC}") = "GoBag", "GoBag\GoBag.csproj", "{56164895-1239-485B-90B3-CD7AEB632916}"
EndProject
Global
	GlobalSection(SolutionConfigurationPlatforms) = preSolution
		Debug|Any CPU = Debug|Any CPU
		Release|Any CPU = Release|Any CPU
	EndGlobalSection
	GlobalSection(ProjectConfigurationPlatforms) = postSolution
		{56164895-1239-485B-90B3-CD7AEB632916}.Debug|Any CPU.ActiveCfg = Debug|Any CPU
		{56164895-1239-485B-90B3-CD7AEB632916}.Debug|Any CPU.Build.0 = Debug|Any CPU
		{56164895-1239-485B-90B3-CD7AEB632916}.Release|Any CPU.ActiveCfg = Release|Any CPU
		{56164895-1239-485B-90B3-CD7AEB632916}.Release|Any CPU.Build.0 = Release|Any CPU
	EndGlobalSection
	GlobalSection(SolutionProperties) = preSolution
		HideSolutionNode = FALSE
	EndGlobalSection
	GlobalSection(ExtensibilityGlobals) = postSolution
		SolutionGuid = {681AF843-0859-49AB-AED4-CF4D38A5C1DC}
	EndGlobalSection
EndGlobal
